
Microsoft Visual Studio Solution File, Format Version 12.00
# Visual Studio Version 16
VisualStudioVersion = 16.0.30804.86
MinimumVisualStudioVersion = 10.0.40219.1
Project("{FAE04EC0-301F-11D3-BF4B-00C04F79EFBC}") = "Palmtree.Net.PacketMonitor", "Palmtree.Net.PacketMonitor\Palmtree.Net.PacketMonitor.csproj", "{F5E7B9BC-EAEE-40B8-963C-E49E1B40B81B}"
EndProject
Project("{FAE04EC0-301F-11D3-BF4B-00C04F79EFBC}") = "Test", "Test\Test.csproj", "{C7172F74-8688-4D06-9323-289CFFACDBA6}"
EndProject
Global
	GlobalSection(SolutionConfigurationPlatforms) = preSolution
		Debug|Any CPU = Debug|Any CPU
		Release|Any CPU = Release|Any CPU
	EndGlobalSection
	GlobalSection(ProjectConfigurationPlatforms) = postSolution
		{F5E7B9BC-EAEE-40B8-963C-E49E1B40B81B}.Debug|Any CPU.ActiveCfg = Debug|Any CPU
		{F5E7B9BC-EAEE-40B8-963C-E49E1B40B81B}.Debug|Any CPU.Build.0 = Debug|Any CPU
		{F5E7B9BC-EAEE-40B8-963C-E49E1B40B81B}.Release|Any CPU.ActiveCfg = Release|Any CPU
		{F5E7B9BC-EAEE-40B8-963C-E49E1B40B81B}.Release|Any CPU.Build.0 = Release|Any CPU
		{C7172F74-8688-4D06-9323-289CFFACDBA6}.Debug|Any CPU.ActiveCfg = Debug|Any CPU
		{C7172F74-8688-4D06-9323-289CFFACDBA6}.Debug|Any CPU.Build.0 = Debug|Any CPU
		{C7172F74-8688-4D06-9323-289CFFACDBA6}.Release|Any CPU.ActiveCfg = Release|Any CPU
		{C7172F74-8688-4D06-9323-289CFFACDBA6}.Release|Any CPU.Build.0 = Release|Any CPU
	EndGlobalSection
	GlobalSection(SolutionProperties) = preSolution
		HideSolutionNode = FALSE
	EndGlobalSection
	GlobalSection(ExtensibilityGlobals) = postSolution
		SolutionGuid = {1F7CF423-BF91-43A1-BD5A-791623F265F4}
	EndGlobalSection
EndGlobal
